
Microsoft Visual Studio Solution File, Format Version 12.00
# Visual Studio Version 16
VisualStudioVersion = 16.0.31515.178
MinimumVisualStudioVersion = 10.0.40219.1
Project("{9A19103F-16F7-4668-BE54-9A1E7A4F7556}") = "ActorsCP", "ActorsCP\ActorsCP.csproj", "{FD96F2BD-E209-440A-8707-ED26E995E991}"
EndProject
Project("{FAE04EC0-301F-11D3-BF4B-00C04F79EFBC}") = "ActorsCP.Unit.Test", "ActorsCP.Unit.Test\ActorsCP.Unit.Test.csproj", "{8EDF4429-251A-416D-BB68-93F227191BCF}"
EndProject
Global
	GlobalSection(SolutionConfigurationPlatforms) = preSolution
		Debug|Any CPU = Debug|Any CPU
		Release|Any CPU = Release|Any CPU
	EndGlobalSection
	GlobalSection(ProjectConfigurationPlatforms) = postSolution
		{FD96F2BD-E209-440A-8707-ED26E995E991}.Debug|Any CPU.ActiveCfg = Debug|Any CPU
		{FD96F2BD-E209-440A-8707-ED26E995E991}.Debug|Any CPU.Build.0 = Debug|Any CPU
		{FD96F2BD-E209-440A-8707-ED26E995E991}.Release|Any CPU.ActiveCfg = Release|Any CPU
		{FD96F2BD-E209-440A-8707-ED26E995E991}.Release|Any CPU.Build.0 = Release|Any CPU
		{8EDF4429-251A-416D-BB68-93F227191BCF}.Debug|Any CPU.ActiveCfg = Debug|Any CPU
		{8EDF4429-251A-416D-BB68-93F227191BCF}.Debug|Any CPU.Build.0 = Debug|Any CPU
		{8EDF4429-251A-416D-BB68-93F227191BCF}.Release|Any CPU.ActiveCfg = Release|Any CPU
		{8EDF4429-251A-416D-BB68-93F227191BCF}.Release|Any CPU.Build.0 = Release|Any CPU
	EndGlobalSection
	GlobalSection(SolutionProperties) = preSolution
		HideSolutionNode = FALSE
	EndGlobalSection
	GlobalSection(ExtensibilityGlobals) = postSolution
		SolutionGuid = {DF85CF0D-E197-46A1-AFD3-66DDA2DA9FFB}
	EndGlobalSection
EndGlobal
